github.com/Ryanyntc2013/influxdb1-client v0.0.0-20191226095006-c39122eec6d5 h1:yrhNambcznTCUqBKOpl5fhrdeQMfLwHDnyZXE2lC7OQ=
github.com/Ryanyntc2013/influxdb1-client v0.0.0-20191226095006-c39122eec6d5/go.mod h1:807In5gei8XfOleRjjgVk3faVz+lA9ei/oV0wmG5suI=
github.com/Ryanyntc2013/influxdb1-client v0.0.0-20191226102709-27b7a40704dd h1:ZJReNucM9fM4AA32V+Kcde/p+1QblItcluB4VBivLmY=
github.com/influxdata/influxdb1-client v0.0.0-20191209144304-8bf82d3c094d h1:/WZQPMZNsjZ7IlCpsLGdQBINg5bxKQ1K1sh6awxLtkA=
github.com/influxdata/influxdb1-client v0.0.0-20191209144304-8bf82d3c094d/go.mod h1:qj24IKcXYK6Iy9ceXlo3Tc+vtHo9lIhSX5JddghvEPo=
